
Microsoft Visual Studio Solution File, Format Version 12.00
# Visual Studio Version 17
VisualStudioVersion = 17.11.35312.102
MinimumVisualStudioVersion = 10.0.40219.1
Project("{FAE04EC0-301F-11D3-BF4B-00C04F79EFBC}") = "AppHomolog", "AppHomolog.csproj", "{CF3F74B1-2BB2-42F7-A881-6CDC9AE89193}"
EndProject
Global
	GlobalSection(SolutionConfigurationPlatforms) = preSolution
		Debug|Any CPU = Debug|Any CPU
		Release|Any CPU = Release|Any CPU
	EndGlobalSection
	GlobalSection(ProjectConfigurationPlatforms) = postSolution
		{CF3F74B1-2BB2-42F7-A881-6CDC9AE89193}.Debug|Any CPU.ActiveCfg = Debug|Any CPU
		{CF3F74B1-2BB2-42F7-A881-6CDC9AE89193}.Debug|Any CPU.Build.0 = Debug|Any CPU
		{CF3F74B1-2BB2-42F7-A881-6CDC9AE89193}.Release|Any CPU.ActiveCfg = Release|Any CPU
		{CF3F74B1-2BB2-42F7-A881-6CDC9AE89193}.Release|Any CPU.Build.0 = Release|Any CPU
	EndGlobalSection
	GlobalSection(SolutionProperties) = preSolution
		HideSolutionNode = FALSE
	EndGlobalSection
	GlobalSection(ExtensibilityGlobals) = postSolution
		SolutionGuid = {200B0C5A-0FD2-42A9-909B-5C3C0C6AEBD0}
	EndGlobalSection
EndGlobal
